
Microsoft Visual Studio Solution File, Format Version 12.00
# Visual Studio Version 16
VisualStudioVersion = 16.0.30114.105
MinimumVisualStudioVersion = 10.0.40219.1
Project("{9A19103F-16F7-4668-BE54-9A1E7A4F7556}") = "DeUrgenta.Domain.Api", "DeUrgenta.Domain.Api\DeUrgenta.Domain.Api.csproj", "{5336C84C-98A0-4B35-A20F-A0455C57211A}"
EndProject
Project("{9A19103F-16F7-4668-BE54-9A1E7A4F7556}") = "DeUrgenta.Domain.Identity", "DeUrgenta.Domain.Identity\DeUrgenta.Domain.Identity.csproj", "{FACCD4C1-C9C2-42D6-80C5-3E3AF5ABD918}"
EndProject
Project("{9A19103F-16F7-4668-BE54-9A1E7A4F7556}") = "DeUrgenta.Domains.Migrator", "DeUrgenta.Domains.Migrator\DeUrgenta.Domains.Migrator.csproj", "{A275C8B8-5A22-483E-AEE2-33A1B690C960}"
EndProject
Project("{9A19103F-16F7-4668-BE54-9A1E7A4F7556}") = "DeUrgenta.Infra", "DeUrgenta.Infra\DeUrgenta.Infra.csproj", "{063CCF95-F947-4A31-985A-44A75B99A7DD}"
EndProject
Project("{9A19103F-16F7-4668-BE54-9A1E7A4F7556}") = "DeUrgenta.Domain.I18n", "DeUrgenta.Domain.I18n\DeUrgenta.Domain.I18n.csproj", "{D3341FD2-911A-4B4E-8974-C23DB8455B51}"
EndProject
Project("{2150E333-8FDC-42A3-9474-1A3956D46DE8}") = "Solution Items", "Solution Items", "{DE26E2F2-8410-4AED-8435-E64F05F7CB6F}"
	ProjectSection(SolutionItems) = preProject
		.editorconfig = .editorconfig
	EndProjectSection
EndProject
Project("{9A19103F-16F7-4668-BE54-9A1E7A4F7556}") = "DeUrgenta.Domain.RecurringJobs", "DeUrgenta.Domain.RecurringJobs\DeUrgenta.Domain.RecurringJobs.csproj", "{FFA93682-A055-41FE-8B02-333B9928C221}"
EndProject
Global
	GlobalSection(SolutionConfigurationPlatforms) = preSolution
		Debug|Any CPU = Debug|Any CPU
		Debug|x64 = Debug|x64
		Debug|x86 = Debug|x86
		Release|Any CPU = Release|Any CPU
		Release|x64 = Release|x64
		Release|x86 = Release|x86
	EndGlobalSection
	GlobalSection(ProjectConfigurationPlatforms) = postSolution
		{5336C84C-98A0-4B35-A20F-A0455C57211A}.Debug|Any CPU.ActiveCfg = Debug|Any CPU
		{5336C84C-98A0-4B35-A20F-A0455C57211A}.Debug|Any CPU.Build.0 = Debug|Any CPU
		{5336C84C-98A0-4B35-A20F-A0455C57211A}.Debug|x64.ActiveCfg = Debug|Any CPU
		{5336C84C-98A0-4B35-A20F-A0455C57211A}.Debug|x64.Build.0 = Debug|Any CPU
		{5336C84C-98A0-4B35-A20F-A0455C57211A}.Debug|x86.ActiveCfg = Debug|Any CPU
		{5336C84C-98A0-4B35-A20F-A0455C57211A}.Debug|x86.Build.0 = Debug|Any CPU
		{5336C84C-98A0-4B35-A20F-A0455C57211A}.Release|Any CPU.ActiveCfg = Release|Any CPU
		{5336C84C-98A0-4B35-A20F-A0455C57211A}.Release|Any CPU.Build.0 = Release|Any CPU
		{5336C84C-98A0-4B35-A20F-A0455C57211A}.Release|x64.ActiveCfg = Release|Any CPU
		{5336C84C-98A0-4B35-A20F-A0455C57211A}.Release|x64.Build.0 = Release|Any CPU
		{5336C84C-98A0-4B35-A20F-A0455C57211A}.Release|x86.ActiveCfg = Release|Any CPU
		{5336C84C-98A0-4B35-A20F-A0455C57211A}.Release|x86.Build.0 = Release|Any CPU
		{FACCD4C1-C9C2-42D6-80C5-3E3AF5ABD918}.Debug|Any CPU.ActiveCfg = Debug|Any CPU
		{FACCD4C1-C9C2-42D6-80C5-3E3AF5ABD918}.Debug|Any CPU.Build.0 = Debug|Any CPU
		{FACCD4C1-C9C2-42D6-80C5-3E3AF5ABD918}.Debug|x64.ActiveCfg = Debug|Any CPU
		{FACCD4C1-C9C2-42D6-80C5-3E3AF5ABD918}.Debug|x64.Build.0 = Debug|Any CPU
		{FACCD4C1-C9C2-42D6-80C5-3E3AF5ABD918}.Debug|x86.ActiveCfg = Debug|Any CPU
		{FACCD4C1-C9C2-42D6-80C5-3E3AF5ABD918}.Debug|x86.Build.0 = Debug|Any CPU
		{FACCD4C1-C9C2-42D6-80C5-3E3AF5ABD918}.Release|Any CPU.ActiveCfg = Release|Any CPU
		{FACCD4C1-C9C2-42D6-80C5-3E3AF5ABD918}.Release|Any CPU.Build.0 = Release|Any CPU
		{FACCD4C1-C9C2-42D6-80C5-3E3AF5ABD918}.Release|x64.ActiveCfg = Release|Any CPU
		{FACCD4C1-C9C2-42D6-80C5-3E3AF5ABD918}.Release|x64.Build.0 = Release|Any CPU
		{FACCD4C1-C9C2-42D6-80C5-3E3AF5ABD918}.Release|x86.ActiveCfg = Release|Any CPU
		{FACCD4C1-C9C2-42D6-80C5-3E3AF5ABD918}.Release|x86.Build.0 = Release|Any CPU
		{A275C8B8-5A22-483E-AEE2-33A1B690C960}.Debug|Any CPU.ActiveCfg = Debug|Any CPU
		{A275C8B8-5A22-483E-AEE2-33A1B690C960}.Debug|Any CPU.Build.0 = Debug|Any CPU
		{A275C8B8-5A22-483E-AEE2-33A1B690C960}.Debug|x64.ActiveCfg = Debug|Any CPU
		{A275C8B8-5A22-483E-AEE2-33A1B690C960}.Debug|x64.Build.0 = Debug|Any CPU
		{A275C8B8-5A22-483E-AEE2-33A1B690C960}.Debug|x86.ActiveCfg = Debug|Any CPU
		{A275C8B8-5A22-483E-AEE2-33A1B690C960}.Debug|x86.Build.0 = Debug|Any CPU
		{A275C8B8-5A22-483E-AEE2-33A1B690C960}.Release|Any CPU.ActiveCfg = Release|Any CPU
		{A275C8B8-5A22-483E-AEE2-33A1B690C960}.Release|Any CPU.Build.0 = Release|Any CPU
		{A275C8B8-5A22-483E-AEE2-33A1B690C960}.Release|x64.ActiveCfg = Release|Any CPU
		{A275C8B8-5A22-483E-AEE2-33A1B690C960}.Release|x64.Build.0 = Release|Any CPU
		{A275C8B8-5A22-483E-AEE2-33A1B690C960}.Release|x86.ActiveCfg = Release|Any CPU
		{A275C8B8-5A22-483E-AEE2-33A1B690C960}.Release|x86.Build.0 = Release|Any CPU
		{063CCF95-F947-4A31-985A-44A75B99A7DD}.Debug|Any CPU.ActiveCfg = Debug|Any CPU
		{063CCF95-F947-4A31-985A-44A75B99A7DD}.Debug|Any CPU.Build.0 = Debug|Any CPU
		{063CCF95-F947-4A31-985A-44A75B99A7DD}.Debug|x64.ActiveCfg = Debug|Any CPU
		{063CCF95-F947-4A31-985A-44A75B99A7DD}.Debug|x64.Build.0 = Debug|Any CPU
		{063CCF95-F947-4A31-985A-44A75B99A7DD}.Debug|x86.ActiveCfg = Debug|Any CPU
		{063CCF95-F947-4A31-985A-44A75B99A7DD}.Debug|x86.Build.0 = Debug|Any CPU
		{063CCF95-F947-4A31-985A-44A75B99A7DD}.Release|Any CPU.ActiveCfg = Release|Any CPU
		{063CCF95-F947-4A31-985A-44A75B99A7DD}.Release|Any CPU.Build.0 = Release|Any CPU
		{063CCF95-F947-4A31-985A-44A75B99A7DD}.Release|x64.ActiveCfg = Release|Any CPU
		{063CCF95-F947-4A31-985A-44A75B99A7DD}.Release|x64.Build.0 = Release|Any CPU
		{063CCF95-F947-4A31-985A-44A75B99A7DD}.Release|x86.ActiveCfg = Release|Any CPU
		{063CCF95-F947-4A31-985A-44A75B99A7DD}.Release|x86.Build.0 = Release|Any CPU
		{D3341FD2-911A-4B4E-8974-C23DB8455B51}.Debug|Any CPU.ActiveCfg = Debug|Any CPU
		{D3341FD2-911A-4B4E-8974-C23DB8455B51}.Debug|Any CPU.Build.0 = Debug|Any CPU
		{D3341FD2-911A-4B4E-8974-C23DB8455B51}.Debug|x64.ActiveCfg = Debug|Any CPU
		{D3341FD2-911A-4B4E-8974-C23DB8455B51}.Debug|x64.Build.0 = Debug|Any CPU
		{D3341FD2-911A-4B4E-8974-C23DB8455B51}.Debug|x86.ActiveCfg = Debug|Any CPU
		{D3341FD2-911A-4B4E-8974-C23DB8455B51}.Debug|x86.Build.0 = Debug|Any CPU
		{D3341FD2-911A-4B4E-8974-C23DB8455B51}.Release|Any CPU.ActiveCfg = Release|Any CPU
		{D3341FD2-911A-4B4E-8974-C23DB8455B51}.Release|Any CPU.Build.0 = Release|Any CPU
		{D3341FD2-911A-4B4E-8974-C23DB8455B51}.Release|x64.ActiveCfg = Release|Any CPU
		{D3341FD2-911A-4B4E-8974-C23DB8455B51}.Release|x64.Build.0 = Release|Any CPU
		{D3341FD2-911A-4B4E-8974-C23DB8455B51}.Release|x86.ActiveCfg = Release|Any CPU
		{D3341FD2-911A-4B4E-8974-C23DB8455B51}.Release|x86.Build.0 = Release|Any CPU
		{FFA93682-A055-41FE-8B02-333B9928C221}.Debug|Any CPU.ActiveCfg = Debug|Any CPU
		{FFA93682-A055-41FE-8B02-333B9928C221}.Debug|Any CPU.Build.0 = Debug|Any CPU
		{FFA93682-A055-41FE-8B02-333B9928C221}.Debug|x64.ActiveCfg = Debug|Any CPU
		{FFA93682-A055-41FE-8B02-333B9928C221}.Debug|x64.Build.0 = Debug|Any CPU
		{FFA93682-A055-41FE-8B02-333B9928C221}.Debug|x86.ActiveCfg = Debug|Any CPU
		{FFA93682-A055-41FE-8B02-333B9928C221}.Debug|x86.Build.0 = Debug|Any CPU
		{FFA93682-A055-41FE-8B02-333B9928C221}.Release|Any CPU.ActiveCfg = Release|Any CPU
		{FFA93682-A055-41FE-8B02-333B9928C221}.Release|Any CPU.Build.0 = Release|Any CPU
		{FFA93682-A055-41FE-8B02-333B9928C221}.Release|x64.ActiveCfg = Release|Any CPU
		{FFA93682-A055-41FE-8B02-333B9928C221}.Release|x64.Build.0 = Release|Any CPU
		{FFA93682-A055-41FE-8B02-333B9928C221}.Release|x86.ActiveCfg = Release|Any CPU
		{FFA93682-A055-41FE-8B02-333B9928C221}.Release|x86.Build.0 = Release|Any CPU
	EndGlobalSection
	GlobalSection(SolutionProperties) = preSolution
		HideSolutionNode = FALSE
	EndGlobalSection
	GlobalSection(ExtensibilityGlobals) = postSolution
		SolutionGuid = {0FDAC626-EEB2-40B8-A104-6EA445E56A83}
	EndGlobalSection
EndGlobal
