
Microsoft Visual Studio Solution File, Format Version 12.00
# Visual Studio Version 16
VisualStudioVersion = 16.0.30114.105
MinimumVisualStudioVersion = 10.0.40219.1
Project("{9A19103F-16F7-4668-BE54-9A1E7A4F7556}") = "DeUrgenta.Specs", "Specs\DeUrgenta.Specs\DeUrgenta.Specs.csproj", "{31AFC5E9-9A1E-4618-A21A-6E6D90AD17BC}"
EndProject
Global
	GlobalSection(SolutionConfigurationPlatforms) = preSolution
		Debug|Any CPU = Debug|Any CPU
		Release|Any CPU = Release|Any CPU
	EndGlobalSection
	GlobalSection(ProjectConfigurationPlatforms) = postSolution
		{31AFC5E9-9A1E-4618-A21A-6E6D90AD17BC}.Debug|Any CPU.ActiveCfg = Debug|Any CPU
		{31AFC5E9-9A1E-4618-A21A-6E6D90AD17BC}.Debug|Any CPU.Build.0 = Debug|Any CPU
		{31AFC5E9-9A1E-4618-A21A-6E6D90AD17BC}.Release|Any CPU.ActiveCfg = Release|Any CPU
		{31AFC5E9-9A1E-4618-A21A-6E6D90AD17BC}.Release|Any CPU.Build.0 = Release|Any CPU
	EndGlobalSection
	GlobalSection(SolutionProperties) = preSolution
		HideSolutionNode = FALSE
	EndGlobalSection
	GlobalSection(ExtensibilityGlobals) = postSolution
		SolutionGuid = {44EACB4D-8338-4F1E-B1A4-27727EFA8A67}
	EndGlobalSection
EndGlobal
