
Microsoft Visual Studio Solution File, Format Version 12.00
# Visual Studio Version 16
VisualStudioVersion = 16.0.30717.126
MinimumVisualStudioVersion = 15.0.26124.0
Project("{9A19103F-16F7-4668-BE54-9A1E7A4F7556}") = "DeUrgenta.Api", "DeUrgenta.Api\DeUrgenta.Api.csproj", "{C1E96874-EE6C-4216-ADD9-B7D9FC1FAFD7}"
EndProject
Project("{9A19103F-16F7-4668-BE54-9A1E7A4F7556}") = "DeUrgenta.Backpack.Api", "DeUrgenta.Backpack.Api\DeUrgenta.Backpack.Api.csproj", "{7885DAF5-3471-45AE-9F78-884B05DA1E67}"
EndProject
Project("{9A19103F-16F7-4668-BE54-9A1E7A4F7556}") = "DeUrgenta.Domain.Api", "DeUrgenta.Domain.Api\DeUrgenta.Domain.Api.csproj", "{4472F523-5178-42FC-AC20-21D027B0D433}"
EndProject
Project("{9A19103F-16F7-4668-BE54-9A1E7A4F7556}") = "DeUrgenta.Certifications.Api", "DeUrgenta.Certifications.Api\DeUrgenta.Certifications.Api.csproj", "{3E93429F-1F9E-4BAF-92EC-00105E90FE5A}"
EndProject
Project("{2150E333-8FDC-42A3-9474-1A3956D46DE8}") = "Solution Items", "Solution Items", "{31BE7F2B-2D48-4877-84B3-3DBBB91A4647}"
	ProjectSection(SolutionItems) = preProject
		.editorconfig = .editorconfig
	EndProjectSection
EndProject
Project("{9A19103F-16F7-4668-BE54-9A1E7A4F7556}") = "DeUrgenta.Common", "DeUrgenta.Common\DeUrgenta.Common.csproj", "{D5497E17-EF2B-4338-9836-4A5B42A9B8B9}"
EndProject
Project("{9A19103F-16F7-4668-BE54-9A1E7A4F7556}") = "DeUrgenta.Admin.Api", "DeUrgenta.Admin.Api\DeUrgenta.Admin.Api.csproj", "{2F65267B-9FCA-4E5C-8F0E-2344F4B27DDF}"
EndProject
Project("{9A19103F-16F7-4668-BE54-9A1E7A4F7556}") = "DeUrgenta.Group.Api", "DeUrgenta.Group.Api\DeUrgenta.Group.Api.csproj", "{AAFEC470-79D8-4976-ACEB-94610CB23F28}"
EndProject
Project("{9A19103F-16F7-4668-BE54-9A1E7A4F7556}") = "DeUrgenta.User.Api", "DeUrgenta.User.Api\DeUrgenta.User.Api.csproj", "{5A4BBC34-65D6-48E0-BCAD-266FE5E2F376}"
EndProject
Project("{2150E333-8FDC-42A3-9474-1A3956D46DE8}") = "Tests", "Tests", "{EDB9F201-EF5C-4CA5-8489-BECC1A510288}"
EndProject
Project("{9A19103F-16F7-4668-BE54-9A1E7A4F7556}") = "DeUrgenta.Group.Api.Tests", "Tests\DeUrgenta.Group.Api.Tests\DeUrgenta.Group.Api.Tests.csproj", "{9082DBFE-772D-4A4C-91F8-C56E755135FF}"
EndProject
Project("{9A19103F-16F7-4668-BE54-9A1E7A4F7556}") = "DeUrgenta.Tests.Helpers", "Tests\DeUrgenta.Tests.Helpers\DeUrgenta.Tests.Helpers.csproj", "{E3145CB3-B21F-4F05-A2AA-B1CCFC008B44}"
EndProject
Project("{9A19103F-16F7-4668-BE54-9A1E7A4F7556}") = "DeUrgenta.Backpack.Api.Tests", "Tests\DeUrgenta.Backpack.Api.Tests\DeUrgenta.Backpack.Api.Tests.csproj", "{F82ED00A-2C0D-4A12-82F4-7691DEC9A0F4}"
EndProject
Project("{9A19103F-16F7-4668-BE54-9A1E7A4F7556}") = "DeUrgenta.User.Api.Tests", "Tests\DeUrgenta.User.Api.Tests\DeUrgenta.User.Api.Tests.csproj", "{AD70EC6D-8219-47CD-956F-5C116491650C}"
EndProject
Project("{9A19103F-16F7-4668-BE54-9A1E7A4F7556}") = "DeUrgenta.Certifications.Api.Tests", "Tests\DeUrgenta.Certifications.Api.Tests\DeUrgenta.Certifications.Api.Tests.csproj", "{48E7C60E-F6A4-40CF-ABEB-A053035735CE}"
EndProject
Project("{9A19103F-16F7-4668-BE54-9A1E7A4F7556}") = "DeUrgenta.Events.Api", "DeUrgenta.Events.Api\DeUrgenta.Events.Api.csproj", "{58DB7D76-8935-45B0-B89C-6FF43A2E14FF}"
EndProject
Project("{9A19103F-16F7-4668-BE54-9A1E7A4F7556}") = "DeUrgenta.Events.Api.Tests", "Tests\DeUrgenta.Events.Api.Tests\DeUrgenta.Events.Api.Tests.csproj", "{CB8FC617-8065-4FFA-996B-BABA844DF25D}"
EndProject
Project("{9A19103F-16F7-4668-BE54-9A1E7A4F7556}") = "DeUrgenta.Emailing.Service", "DeUrgenta.Emailing.Service\DeUrgenta.Emailing.Service.csproj", "{BDFEF135-FDC4-4A18-810E-E4CE302137F4}"
EndProject
Project("{9A19103F-16F7-4668-BE54-9A1E7A4F7556}") = "DeUrgenta.Admin.Api.Tests", "Tests\DeUrgenta.Admin.Api.Tests\DeUrgenta.Admin.Api.Tests.csproj", "{AD77BFCF-54CC-4471-968E-FFAE77DFE38B}"
EndProject
Project("{9A19103F-16F7-4668-BE54-9A1E7A4F7556}") = "DeUrgenta.Invite.Api", "DeUrgenta.Invite.Api\DeUrgenta.Invite.Api.csproj", "{019066EF-DE42-4345-B7BB-3A87988D2D0A}"
EndProject
Project("{9A19103F-16F7-4668-BE54-9A1E7A4F7556}") = "DeUrgenta.Invite.Api.Tests", "Tests\DeUrgenta.Invite.Api.Tests\DeUrgenta.Invite.Api.Tests.csproj", "{FC5BE36E-624D-4462-A2B5-7A172799E444}"
EndProject
Project("{9A19103F-16F7-4668-BE54-9A1E7A4F7556}") = "DeUrgenta.Domain.Identity", "DeUrgenta.Domain.Identity\DeUrgenta.Domain.Identity.csproj", "{1FAC5532-76FD-4B70-9C1C-777144D69EA0}"
EndProject
Project("{9A19103F-16F7-4668-BE54-9A1E7A4F7556}") = "DeUrgenta.Infra", "DeUrgenta.Infra\DeUrgenta.Infra.csproj", "{01630F98-F0CE-446C-A8F4-00BA75E6AD7A}"
EndProject
Global
	GlobalSection(SolutionConfigurationPlatforms) = preSolution
		Debug|Any CPU = Debug|Any CPU
		Debug|x64 = Debug|x64
		Debug|x86 = Debug|x86
		Release|Any CPU = Release|Any CPU
		Release|x64 = Release|x64
		Release|x86 = Release|x86
	EndGlobalSection
	GlobalSection(ProjectConfigurationPlatforms) = postSolution
		{C1E96874-EE6C-4216-ADD9-B7D9FC1FAFD7}.Debug|Any CPU.ActiveCfg = Debug|Any CPU
		{C1E96874-EE6C-4216-ADD9-B7D9FC1FAFD7}.Debug|Any CPU.Build.0 = Debug|Any CPU
		{C1E96874-EE6C-4216-ADD9-B7D9FC1FAFD7}.Debug|x64.ActiveCfg = Debug|Any CPU
		{C1E96874-EE6C-4216-ADD9-B7D9FC1FAFD7}.Debug|x64.Build.0 = Debug|Any CPU
		{C1E96874-EE6C-4216-ADD9-B7D9FC1FAFD7}.Debug|x86.ActiveCfg = Debug|Any CPU
		{C1E96874-EE6C-4216-ADD9-B7D9FC1FAFD7}.Debug|x86.Build.0 = Debug|Any CPU
		{C1E96874-EE6C-4216-ADD9-B7D9FC1FAFD7}.Release|Any CPU.ActiveCfg = Release|Any CPU
		{C1E96874-EE6C-4216-ADD9-B7D9FC1FAFD7}.Release|Any CPU.Build.0 = Release|Any CPU
		{C1E96874-EE6C-4216-ADD9-B7D9FC1FAFD7}.Release|x64.ActiveCfg = Release|Any CPU
		{C1E96874-EE6C-4216-ADD9-B7D9FC1FAFD7}.Release|x64.Build.0 = Release|Any CPU
		{C1E96874-EE6C-4216-ADD9-B7D9FC1FAFD7}.Release|x86.ActiveCfg = Release|Any CPU
		{C1E96874-EE6C-4216-ADD9-B7D9FC1FAFD7}.Release|x86.Build.0 = Release|Any CPU
		{7885DAF5-3471-45AE-9F78-884B05DA1E67}.Debug|Any CPU.ActiveCfg = Debug|Any CPU
		{7885DAF5-3471-45AE-9F78-884B05DA1E67}.Debug|Any CPU.Build.0 = Debug|Any CPU
		{7885DAF5-3471-45AE-9F78-884B05DA1E67}.Debug|x64.ActiveCfg = Debug|Any CPU
		{7885DAF5-3471-45AE-9F78-884B05DA1E67}.Debug|x64.Build.0 = Debug|Any CPU
		{7885DAF5-3471-45AE-9F78-884B05DA1E67}.Debug|x86.ActiveCfg = Debug|Any CPU
		{7885DAF5-3471-45AE-9F78-884B05DA1E67}.Debug|x86.Build.0 = Debug|Any CPU
		{7885DAF5-3471-45AE-9F78-884B05DA1E67}.Release|Any CPU.ActiveCfg = Release|Any CPU
		{7885DAF5-3471-45AE-9F78-884B05DA1E67}.Release|Any CPU.Build.0 = Release|Any CPU
		{7885DAF5-3471-45AE-9F78-884B05DA1E67}.Release|x64.ActiveCfg = Release|Any CPU
		{7885DAF5-3471-45AE-9F78-884B05DA1E67}.Release|x64.Build.0 = Release|Any CPU
		{7885DAF5-3471-45AE-9F78-884B05DA1E67}.Release|x86.ActiveCfg = Release|Any CPU
		{7885DAF5-3471-45AE-9F78-884B05DA1E67}.Release|x86.Build.0 = Release|Any CPU
		{4472F523-5178-42FC-AC20-21D027B0D433}.Debug|Any CPU.ActiveCfg = Debug|Any CPU
		{4472F523-5178-42FC-AC20-21D027B0D433}.Debug|Any CPU.Build.0 = Debug|Any CPU
		{4472F523-5178-42FC-AC20-21D027B0D433}.Debug|x64.ActiveCfg = Debug|Any CPU
		{4472F523-5178-42FC-AC20-21D027B0D433}.Debug|x64.Build.0 = Debug|Any CPU
		{4472F523-5178-42FC-AC20-21D027B0D433}.Debug|x86.ActiveCfg = Debug|Any CPU
		{4472F523-5178-42FC-AC20-21D027B0D433}.Debug|x86.Build.0 = Debug|Any CPU
		{4472F523-5178-42FC-AC20-21D027B0D433}.Release|Any CPU.ActiveCfg = Release|Any CPU
		{4472F523-5178-42FC-AC20-21D027B0D433}.Release|Any CPU.Build.0 = Release|Any CPU
		{4472F523-5178-42FC-AC20-21D027B0D433}.Release|x64.ActiveCfg = Release|Any CPU
		{4472F523-5178-42FC-AC20-21D027B0D433}.Release|x64.Build.0 = Release|Any CPU
		{4472F523-5178-42FC-AC20-21D027B0D433}.Release|x86.ActiveCfg = Release|Any CPU
		{4472F523-5178-42FC-AC20-21D027B0D433}.Release|x86.Build.0 = Release|Any CPU
		{3E93429F-1F9E-4BAF-92EC-00105E90FE5A}.Debug|Any CPU.ActiveCfg = Debug|Any CPU
		{3E93429F-1F9E-4BAF-92EC-00105E90FE5A}.Debug|Any CPU.Build.0 = Debug|Any CPU
		{3E93429F-1F9E-4BAF-92EC-00105E90FE5A}.Debug|x64.ActiveCfg = Debug|Any CPU
		{3E93429F-1F9E-4BAF-92EC-00105E90FE5A}.Debug|x64.Build.0 = Debug|Any CPU
		{3E93429F-1F9E-4BAF-92EC-00105E90FE5A}.Debug|x86.ActiveCfg = Debug|Any CPU
		{3E93429F-1F9E-4BAF-92EC-00105E90FE5A}.Debug|x86.Build.0 = Debug|Any CPU
		{3E93429F-1F9E-4BAF-92EC-00105E90FE5A}.Release|Any CPU.ActiveCfg = Release|Any CPU
		{3E93429F-1F9E-4BAF-92EC-00105E90FE5A}.Release|Any CPU.Build.0 = Release|Any CPU
		{3E93429F-1F9E-4BAF-92EC-00105E90FE5A}.Release|x64.ActiveCfg = Release|Any CPU
		{3E93429F-1F9E-4BAF-92EC-00105E90FE5A}.Release|x64.Build.0 = Release|Any CPU
		{3E93429F-1F9E-4BAF-92EC-00105E90FE5A}.Release|x86.ActiveCfg = Release|Any CPU
		{3E93429F-1F9E-4BAF-92EC-00105E90FE5A}.Release|x86.Build.0 = Release|Any CPU
		{D5497E17-EF2B-4338-9836-4A5B42A9B8B9}.Debug|Any CPU.ActiveCfg = Debug|Any CPU
		{D5497E17-EF2B-4338-9836-4A5B42A9B8B9}.Debug|Any CPU.Build.0 = Debug|Any CPU
		{D5497E17-EF2B-4338-9836-4A5B42A9B8B9}.Debug|x64.ActiveCfg = Debug|Any CPU
		{D5497E17-EF2B-4338-9836-4A5B42A9B8B9}.Debug|x64.Build.0 = Debug|Any CPU
		{D5497E17-EF2B-4338-9836-4A5B42A9B8B9}.Debug|x86.ActiveCfg = Debug|Any CPU
		{D5497E17-EF2B-4338-9836-4A5B42A9B8B9}.Debug|x86.Build.0 = Debug|Any CPU
		{D5497E17-EF2B-4338-9836-4A5B42A9B8B9}.Release|Any CPU.ActiveCfg = Release|Any CPU
		{D5497E17-EF2B-4338-9836-4A5B42A9B8B9}.Release|Any CPU.Build.0 = Release|Any CPU
		{D5497E17-EF2B-4338-9836-4A5B42A9B8B9}.Release|x64.ActiveCfg = Release|Any CPU
		{D5497E17-EF2B-4338-9836-4A5B42A9B8B9}.Release|x64.Build.0 = Release|Any CPU
		{D5497E17-EF2B-4338-9836-4A5B42A9B8B9}.Release|x86.ActiveCfg = Release|Any CPU
		{D5497E17-EF2B-4338-9836-4A5B42A9B8B9}.Release|x86.Build.0 = Release|Any CPU
		{2F65267B-9FCA-4E5C-8F0E-2344F4B27DDF}.Debug|Any CPU.ActiveCfg = Debug|Any CPU
		{2F65267B-9FCA-4E5C-8F0E-2344F4B27DDF}.Debug|Any CPU.Build.0 = Debug|Any CPU
		{2F65267B-9FCA-4E5C-8F0E-2344F4B27DDF}.Debug|x64.ActiveCfg = Debug|Any CPU
		{2F65267B-9FCA-4E5C-8F0E-2344F4B27DDF}.Debug|x64.Build.0 = Debug|Any CPU
		{2F65267B-9FCA-4E5C-8F0E-2344F4B27DDF}.Debug|x86.ActiveCfg = Debug|Any CPU
		{2F65267B-9FCA-4E5C-8F0E-2344F4B27DDF}.Debug|x86.Build.0 = Debug|Any CPU
		{2F65267B-9FCA-4E5C-8F0E-2344F4B27DDF}.Release|Any CPU.ActiveCfg = Release|Any CPU
		{2F65267B-9FCA-4E5C-8F0E-2344F4B27DDF}.Release|Any CPU.Build.0 = Release|Any CPU
		{2F65267B-9FCA-4E5C-8F0E-2344F4B27DDF}.Release|x64.ActiveCfg = Release|Any CPU
		{2F65267B-9FCA-4E5C-8F0E-2344F4B27DDF}.Release|x64.Build.0 = Release|Any CPU
		{2F65267B-9FCA-4E5C-8F0E-2344F4B27DDF}.Release|x86.ActiveCfg = Release|Any CPU
		{2F65267B-9FCA-4E5C-8F0E-2344F4B27DDF}.Release|x86.Build.0 = Release|Any CPU
		{AAFEC470-79D8-4976-ACEB-94610CB23F28}.Debug|Any CPU.ActiveCfg = Debug|Any CPU
		{AAFEC470-79D8-4976-ACEB-94610CB23F28}.Debug|Any CPU.Build.0 = Debug|Any CPU
		{AAFEC470-79D8-4976-ACEB-94610CB23F28}.Debug|x64.ActiveCfg = Debug|Any CPU
		{AAFEC470-79D8-4976-ACEB-94610CB23F28}.Debug|x64.Build.0 = Debug|Any CPU
		{AAFEC470-79D8-4976-ACEB-94610CB23F28}.Debug|x86.ActiveCfg = Debug|Any CPU
		{AAFEC470-79D8-4976-ACEB-94610CB23F28}.Debug|x86.Build.0 = Debug|Any CPU
		{AAFEC470-79D8-4976-ACEB-94610CB23F28}.Release|Any CPU.ActiveCfg = Release|Any CPU
		{AAFEC470-79D8-4976-ACEB-94610CB23F28}.Release|Any CPU.Build.0 = Release|Any CPU
		{AAFEC470-79D8-4976-ACEB-94610CB23F28}.Release|x64.ActiveCfg = Release|Any CPU
		{AAFEC470-79D8-4976-ACEB-94610CB23F28}.Release|x64.Build.0 = Release|Any CPU
		{AAFEC470-79D8-4976-ACEB-94610CB23F28}.Release|x86.ActiveCfg = Release|Any CPU
		{AAFEC470-79D8-4976-ACEB-94610CB23F28}.Release|x86.Build.0 = Release|Any CPU
		{5A4BBC34-65D6-48E0-BCAD-266FE5E2F376}.Debug|Any CPU.ActiveCfg = Debug|Any CPU
		{5A4BBC34-65D6-48E0-BCAD-266FE5E2F376}.Debug|Any CPU.Build.0 = Debug|Any CPU
		{5A4BBC34-65D6-48E0-BCAD-266FE5E2F376}.Debug|x64.ActiveCfg = Debug|Any CPU
		{5A4BBC34-65D6-48E0-BCAD-266FE5E2F376}.Debug|x64.Build.0 = Debug|Any CPU
		{5A4BBC34-65D6-48E0-BCAD-266FE5E2F376}.Debug|x86.ActiveCfg = Debug|Any CPU
		{5A4BBC34-65D6-48E0-BCAD-266FE5E2F376}.Debug|x86.Build.0 = Debug|Any CPU
		{5A4BBC34-65D6-48E0-BCAD-266FE5E2F376}.Release|Any CPU.ActiveCfg = Release|Any CPU
		{5A4BBC34-65D6-48E0-BCAD-266FE5E2F376}.Release|Any CPU.Build.0 = Release|Any CPU
		{5A4BBC34-65D6-48E0-BCAD-266FE5E2F376}.Release|x64.ActiveCfg = Release|Any CPU
		{5A4BBC34-65D6-48E0-BCAD-266FE5E2F376}.Release|x64.Build.0 = Release|Any CPU
		{5A4BBC34-65D6-48E0-BCAD-266FE5E2F376}.Release|x86.ActiveCfg = Release|Any CPU
		{5A4BBC34-65D6-48E0-BCAD-266FE5E2F376}.Release|x86.Build.0 = Release|Any CPU
		{9082DBFE-772D-4A4C-91F8-C56E755135FF}.Debug|Any CPU.ActiveCfg = Debug|Any CPU
		{9082DBFE-772D-4A4C-91F8-C56E755135FF}.Debug|Any CPU.Build.0 = Debug|Any CPU
		{9082DBFE-772D-4A4C-91F8-C56E755135FF}.Debug|x64.ActiveCfg = Debug|Any CPU
		{9082DBFE-772D-4A4C-91F8-C56E755135FF}.Debug|x64.Build.0 = Debug|Any CPU
		{9082DBFE-772D-4A4C-91F8-C56E755135FF}.Debug|x86.ActiveCfg = Debug|Any CPU
		{9082DBFE-772D-4A4C-91F8-C56E755135FF}.Debug|x86.Build.0 = Debug|Any CPU
		{9082DBFE-772D-4A4C-91F8-C56E755135FF}.Release|Any CPU.ActiveCfg = Release|Any CPU
		{9082DBFE-772D-4A4C-91F8-C56E755135FF}.Release|Any CPU.Build.0 = Release|Any CPU
		{9082DBFE-772D-4A4C-91F8-C56E755135FF}.Release|x64.ActiveCfg = Release|Any CPU
		{9082DBFE-772D-4A4C-91F8-C56E755135FF}.Release|x64.Build.0 = Release|Any CPU
		{9082DBFE-772D-4A4C-91F8-C56E755135FF}.Release|x86.ActiveCfg = Release|Any CPU
		{9082DBFE-772D-4A4C-91F8-C56E755135FF}.Release|x86.Build.0 = Release|Any CPU
		{E3145CB3-B21F-4F05-A2AA-B1CCFC008B44}.Debug|Any CPU.ActiveCfg = Debug|Any CPU
		{E3145CB3-B21F-4F05-A2AA-B1CCFC008B44}.Debug|Any CPU.Build.0 = Debug|Any CPU
		{E3145CB3-B21F-4F05-A2AA-B1CCFC008B44}.Debug|x64.ActiveCfg = Debug|Any CPU
		{E3145CB3-B21F-4F05-A2AA-B1CCFC008B44}.Debug|x64.Build.0 = Debug|Any CPU
		{E3145CB3-B21F-4F05-A2AA-B1CCFC008B44}.Debug|x86.ActiveCfg = Debug|Any CPU
		{E3145CB3-B21F-4F05-A2AA-B1CCFC008B44}.Debug|x86.Build.0 = Debug|Any CPU
		{E3145CB3-B21F-4F05-A2AA-B1CCFC008B44}.Release|Any CPU.ActiveCfg = Release|Any CPU
		{E3145CB3-B21F-4F05-A2AA-B1CCFC008B44}.Release|Any CPU.Build.0 = Release|Any CPU
		{E3145CB3-B21F-4F05-A2AA-B1CCFC008B44}.Release|x64.ActiveCfg = Release|Any CPU
		{E3145CB3-B21F-4F05-A2AA-B1CCFC008B44}.Release|x64.Build.0 = Release|Any CPU
		{E3145CB3-B21F-4F05-A2AA-B1CCFC008B44}.Release|x86.ActiveCfg = Release|Any CPU
		{E3145CB3-B21F-4F05-A2AA-B1CCFC008B44}.Release|x86.Build.0 = Release|Any CPU
		{F82ED00A-2C0D-4A12-82F4-7691DEC9A0F4}.Debug|Any CPU.ActiveCfg = Debug|Any CPU
		{F82ED00A-2C0D-4A12-82F4-7691DEC9A0F4}.Debug|Any CPU.Build.0 = Debug|Any CPU
		{F82ED00A-2C0D-4A12-82F4-7691DEC9A0F4}.Debug|x64.ActiveCfg = Debug|Any CPU
		{F82ED00A-2C0D-4A12-82F4-7691DEC9A0F4}.Debug|x64.Build.0 = Debug|Any CPU
		{F82ED00A-2C0D-4A12-82F4-7691DEC9A0F4}.Debug|x86.ActiveCfg = Debug|Any CPU
		{F82ED00A-2C0D-4A12-82F4-7691DEC9A0F4}.Debug|x86.Build.0 = Debug|Any CPU
		{F82ED00A-2C0D-4A12-82F4-7691DEC9A0F4}.Release|Any CPU.ActiveCfg = Release|Any CPU
		{F82ED00A-2C0D-4A12-82F4-7691DEC9A0F4}.Release|Any CPU.Build.0 = Release|Any CPU
		{F82ED00A-2C0D-4A12-82F4-7691DEC9A0F4}.Release|x64.ActiveCfg = Release|Any CPU
		{F82ED00A-2C0D-4A12-82F4-7691DEC9A0F4}.Release|x64.Build.0 = Release|Any CPU
		{F82ED00A-2C0D-4A12-82F4-7691DEC9A0F4}.Release|x86.ActiveCfg = Release|Any CPU
		{F82ED00A-2C0D-4A12-82F4-7691DEC9A0F4}.Release|x86.Build.0 = Release|Any CPU
		{AD70EC6D-8219-47CD-956F-5C116491650C}.Debug|Any CPU.ActiveCfg = Debug|Any CPU
		{AD70EC6D-8219-47CD-956F-5C116491650C}.Debug|Any CPU.Build.0 = Debug|Any CPU
		{AD70EC6D-8219-47CD-956F-5C116491650C}.Debug|x64.ActiveCfg = Debug|Any CPU
		{AD70EC6D-8219-47CD-956F-5C116491650C}.Debug|x64.Build.0 = Debug|Any CPU
		{AD70EC6D-8219-47CD-956F-5C116491650C}.Debug|x86.ActiveCfg = Debug|Any CPU
		{AD70EC6D-8219-47CD-956F-5C116491650C}.Debug|x86.Build.0 = Debug|Any CPU
		{AD70EC6D-8219-47CD-956F-5C116491650C}.Release|Any CPU.ActiveCfg = Release|Any CPU
		{AD70EC6D-8219-47CD-956F-5C116491650C}.Release|Any CPU.Build.0 = Release|Any CPU
		{AD70EC6D-8219-47CD-956F-5C116491650C}.Release|x64.ActiveCfg = Release|Any CPU
		{AD70EC6D-8219-47CD-956F-5C116491650C}.Release|x64.Build.0 = Release|Any CPU
		{AD70EC6D-8219-47CD-956F-5C116491650C}.Release|x86.ActiveCfg = Release|Any CPU
		{AD70EC6D-8219-47CD-956F-5C116491650C}.Release|x86.Build.0 = Release|Any CPU
		{48E7C60E-F6A4-40CF-ABEB-A053035735CE}.Debug|Any CPU.ActiveCfg = Debug|Any CPU
		{48E7C60E-F6A4-40CF-ABEB-A053035735CE}.Debug|Any CPU.Build.0 = Debug|Any CPU
		{48E7C60E-F6A4-40CF-ABEB-A053035735CE}.Debug|x64.ActiveCfg = Debug|Any CPU
		{48E7C60E-F6A4-40CF-ABEB-A053035735CE}.Debug|x64.Build.0 = Debug|Any CPU
		{48E7C60E-F6A4-40CF-ABEB-A053035735CE}.Debug|x86.ActiveCfg = Debug|Any CPU
		{48E7C60E-F6A4-40CF-ABEB-A053035735CE}.Debug|x86.Build.0 = Debug|Any CPU
		{48E7C60E-F6A4-40CF-ABEB-A053035735CE}.Release|Any CPU.ActiveCfg = Release|Any CPU
		{48E7C60E-F6A4-40CF-ABEB-A053035735CE}.Release|Any CPU.Build.0 = Release|Any CPU
		{48E7C60E-F6A4-40CF-ABEB-A053035735CE}.Release|x64.ActiveCfg = Release|Any CPU
		{48E7C60E-F6A4-40CF-ABEB-A053035735CE}.Release|x64.Build.0 = Release|Any CPU
		{48E7C60E-F6A4-40CF-ABEB-A053035735CE}.Release|x86.ActiveCfg = Release|Any CPU
		{48E7C60E-F6A4-40CF-ABEB-A053035735CE}.Release|x86.Build.0 = Release|Any CPU
		{58DB7D76-8935-45B0-B89C-6FF43A2E14FF}.Debug|Any CPU.ActiveCfg = Debug|Any CPU
		{58DB7D76-8935-45B0-B89C-6FF43A2E14FF}.Debug|Any CPU.Build.0 = Debug|Any CPU
		{58DB7D76-8935-45B0-B89C-6FF43A2E14FF}.Debug|x64.ActiveCfg = Debug|Any CPU
		{58DB7D76-8935-45B0-B89C-6FF43A2E14FF}.Debug|x64.Build.0 = Debug|Any CPU
		{58DB7D76-8935-45B0-B89C-6FF43A2E14FF}.Debug|x86.ActiveCfg = Debug|Any CPU
		{58DB7D76-8935-45B0-B89C-6FF43A2E14FF}.Debug|x86.Build.0 = Debug|Any CPU
		{58DB7D76-8935-45B0-B89C-6FF43A2E14FF}.Release|Any CPU.ActiveCfg = Release|Any CPU
		{58DB7D76-8935-45B0-B89C-6FF43A2E14FF}.Release|Any CPU.Build.0 = Release|Any CPU
		{58DB7D76-8935-45B0-B89C-6FF43A2E14FF}.Release|x64.ActiveCfg = Release|Any CPU
		{58DB7D76-8935-45B0-B89C-6FF43A2E14FF}.Release|x64.Build.0 = Release|Any CPU
		{58DB7D76-8935-45B0-B89C-6FF43A2E14FF}.Release|x86.ActiveCfg = Release|Any CPU
		{58DB7D76-8935-45B0-B89C-6FF43A2E14FF}.Release|x86.Build.0 = Release|Any CPU
		{CB8FC617-8065-4FFA-996B-BABA844DF25D}.Debug|Any CPU.ActiveCfg = Debug|Any CPU
		{CB8FC617-8065-4FFA-996B-BABA844DF25D}.Debug|Any CPU.Build.0 = Debug|Any CPU
		{CB8FC617-8065-4FFA-996B-BABA844DF25D}.Debug|x64.ActiveCfg = Debug|Any CPU
		{CB8FC617-8065-4FFA-996B-BABA844DF25D}.Debug|x64.Build.0 = Debug|Any CPU
		{CB8FC617-8065-4FFA-996B-BABA844DF25D}.Debug|x86.ActiveCfg = Debug|Any CPU
		{CB8FC617-8065-4FFA-996B-BABA844DF25D}.Debug|x86.Build.0 = Debug|Any CPU
		{CB8FC617-8065-4FFA-996B-BABA844DF25D}.Release|Any CPU.ActiveCfg = Release|Any CPU
		{CB8FC617-8065-4FFA-996B-BABA844DF25D}.Release|Any CPU.Build.0 = Release|Any CPU
		{CB8FC617-8065-4FFA-996B-BABA844DF25D}.Release|x64.ActiveCfg = Release|Any CPU
		{CB8FC617-8065-4FFA-996B-BABA844DF25D}.Release|x64.Build.0 = Release|Any CPU
		{CB8FC617-8065-4FFA-996B-BABA844DF25D}.Release|x86.ActiveCfg = Release|Any CPU
		{CB8FC617-8065-4FFA-996B-BABA844DF25D}.Release|x86.Build.0 = Release|Any CPU
		{BDFEF135-FDC4-4A18-810E-E4CE302137F4}.Debug|Any CPU.ActiveCfg = Debug|Any CPU
		{BDFEF135-FDC4-4A18-810E-E4CE302137F4}.Debug|Any CPU.Build.0 = Debug|Any CPU
		{BDFEF135-FDC4-4A18-810E-E4CE302137F4}.Debug|x64.ActiveCfg = Debug|Any CPU
		{BDFEF135-FDC4-4A18-810E-E4CE302137F4}.Debug|x64.Build.0 = Debug|Any CPU
		{BDFEF135-FDC4-4A18-810E-E4CE302137F4}.Debug|x86.ActiveCfg = Debug|Any CPU
		{BDFEF135-FDC4-4A18-810E-E4CE302137F4}.Debug|x86.Build.0 = Debug|Any CPU
		{BDFEF135-FDC4-4A18-810E-E4CE302137F4}.Release|Any CPU.ActiveCfg = Release|Any CPU
		{BDFEF135-FDC4-4A18-810E-E4CE302137F4}.Release|Any CPU.Build.0 = Release|Any CPU
		{BDFEF135-FDC4-4A18-810E-E4CE302137F4}.Release|x64.ActiveCfg = Release|Any CPU
		{BDFEF135-FDC4-4A18-810E-E4CE302137F4}.Release|x64.Build.0 = Release|Any CPU
		{BDFEF135-FDC4-4A18-810E-E4CE302137F4}.Release|x86.ActiveCfg = Release|Any CPU
		{BDFEF135-FDC4-4A18-810E-E4CE302137F4}.Release|x86.Build.0 = Release|Any CPU
		{AD77BFCF-54CC-4471-968E-FFAE77DFE38B}.Debug|Any CPU.ActiveCfg = Debug|Any CPU
		{AD77BFCF-54CC-4471-968E-FFAE77DFE38B}.Debug|Any CPU.Build.0 = Debug|Any CPU
		{AD77BFCF-54CC-4471-968E-FFAE77DFE38B}.Debug|x64.ActiveCfg = Debug|Any CPU
		{AD77BFCF-54CC-4471-968E-FFAE77DFE38B}.Debug|x64.Build.0 = Debug|Any CPU
		{AD77BFCF-54CC-4471-968E-FFAE77DFE38B}.Debug|x86.ActiveCfg = Debug|Any CPU
		{AD77BFCF-54CC-4471-968E-FFAE77DFE38B}.Debug|x86.Build.0 = Debug|Any CPU
		{AD77BFCF-54CC-4471-968E-FFAE77DFE38B}.Release|Any CPU.ActiveCfg = Release|Any CPU
		{AD77BFCF-54CC-4471-968E-FFAE77DFE38B}.Release|Any CPU.Build.0 = Release|Any CPU
		{AD77BFCF-54CC-4471-968E-FFAE77DFE38B}.Release|x64.ActiveCfg = Release|Any CPU
		{AD77BFCF-54CC-4471-968E-FFAE77DFE38B}.Release|x64.Build.0 = Release|Any CPU
		{AD77BFCF-54CC-4471-968E-FFAE77DFE38B}.Release|x86.ActiveCfg = Release|Any CPU
		{AD77BFCF-54CC-4471-968E-FFAE77DFE38B}.Release|x86.Build.0 = Release|Any CPU
		{019066EF-DE42-4345-B7BB-3A87988D2D0A}.Debug|Any CPU.ActiveCfg = Debug|Any CPU
		{019066EF-DE42-4345-B7BB-3A87988D2D0A}.Debug|Any CPU.Build.0 = Debug|Any CPU
		{019066EF-DE42-4345-B7BB-3A87988D2D0A}.Debug|x64.ActiveCfg = Debug|Any CPU
		{019066EF-DE42-4345-B7BB-3A87988D2D0A}.Debug|x64.Build.0 = Debug|Any CPU
		{019066EF-DE42-4345-B7BB-3A87988D2D0A}.Debug|x86.ActiveCfg = Debug|Any CPU
		{019066EF-DE42-4345-B7BB-3A87988D2D0A}.Debug|x86.Build.0 = Debug|Any CPU
		{019066EF-DE42-4345-B7BB-3A87988D2D0A}.Release|Any CPU.ActiveCfg = Release|Any CPU
		{019066EF-DE42-4345-B7BB-3A87988D2D0A}.Release|Any CPU.Build.0 = Release|Any CPU
		{019066EF-DE42-4345-B7BB-3A87988D2D0A}.Release|x64.ActiveCfg = Release|Any CPU
		{019066EF-DE42-4345-B7BB-3A87988D2D0A}.Release|x64.Build.0 = Release|Any CPU
		{019066EF-DE42-4345-B7BB-3A87988D2D0A}.Release|x86.ActiveCfg = Release|Any CPU
		{019066EF-DE42-4345-B7BB-3A87988D2D0A}.Release|x86.Build.0 = Release|Any CPU
		{FC5BE36E-624D-4462-A2B5-7A172799E444}.Debug|Any CPU.ActiveCfg = Debug|Any CPU
		{FC5BE36E-624D-4462-A2B5-7A172799E444}.Debug|Any CPU.Build.0 = Debug|Any CPU
		{FC5BE36E-624D-4462-A2B5-7A172799E444}.Debug|x64.ActiveCfg = Debug|Any CPU
		{FC5BE36E-624D-4462-A2B5-7A172799E444}.Debug|x64.Build.0 = Debug|Any CPU
		{FC5BE36E-624D-4462-A2B5-7A172799E444}.Debug|x86.ActiveCfg = Debug|Any CPU
		{FC5BE36E-624D-4462-A2B5-7A172799E444}.Debug|x86.Build.0 = Debug|Any CPU
		{FC5BE36E-624D-4462-A2B5-7A172799E444}.Release|Any CPU.ActiveCfg = Release|Any CPU
		{FC5BE36E-624D-4462-A2B5-7A172799E444}.Release|Any CPU.Build.0 = Release|Any CPU
		{FC5BE36E-624D-4462-A2B5-7A172799E444}.Release|x64.ActiveCfg = Release|Any CPU
		{FC5BE36E-624D-4462-A2B5-7A172799E444}.Release|x64.Build.0 = Release|Any CPU
		{FC5BE36E-624D-4462-A2B5-7A172799E444}.Release|x86.ActiveCfg = Release|Any CPU
		{FC5BE36E-624D-4462-A2B5-7A172799E444}.Release|x86.Build.0 = Release|Any CPU
		{1FAC5532-76FD-4B70-9C1C-777144D69EA0}.Debug|Any CPU.ActiveCfg = Debug|Any CPU
		{1FAC5532-76FD-4B70-9C1C-777144D69EA0}.Debug|Any CPU.Build.0 = Debug|Any CPU
		{1FAC5532-76FD-4B70-9C1C-777144D69EA0}.Debug|x64.ActiveCfg = Debug|Any CPU
		{1FAC5532-76FD-4B70-9C1C-777144D69EA0}.Debug|x64.Build.0 = Debug|Any CPU
		{1FAC5532-76FD-4B70-9C1C-777144D69EA0}.Debug|x86.ActiveCfg = Debug|Any CPU
		{1FAC5532-76FD-4B70-9C1C-777144D69EA0}.Debug|x86.Build.0 = Debug|Any CPU
		{1FAC5532-76FD-4B70-9C1C-777144D69EA0}.Release|Any CPU.ActiveCfg = Release|Any CPU
		{1FAC5532-76FD-4B70-9C1C-777144D69EA0}.Release|Any CPU.Build.0 = Release|Any CPU
		{1FAC5532-76FD-4B70-9C1C-777144D69EA0}.Release|x64.ActiveCfg = Release|Any CPU
		{1FAC5532-76FD-4B70-9C1C-777144D69EA0}.Release|x64.Build.0 = Release|Any CPU
		{1FAC5532-76FD-4B70-9C1C-777144D69EA0}.Release|x86.ActiveCfg = Release|Any CPU
		{1FAC5532-76FD-4B70-9C1C-777144D69EA0}.Release|x86.Build.0 = Release|Any CPU
		{01630F98-F0CE-446C-A8F4-00BA75E6AD7A}.Debug|Any CPU.ActiveCfg = Debug|Any CPU
		{01630F98-F0CE-446C-A8F4-00BA75E6AD7A}.Debug|Any CPU.Build.0 = Debug|Any CPU
		{01630F98-F0CE-446C-A8F4-00BA75E6AD7A}.Debug|x64.ActiveCfg = Debug|Any CPU
		{01630F98-F0CE-446C-A8F4-00BA75E6AD7A}.Debug|x64.Build.0 = Debug|Any CPU
		{01630F98-F0CE-446C-A8F4-00BA75E6AD7A}.Debug|x86.ActiveCfg = Debug|Any CPU
		{01630F98-F0CE-446C-A8F4-00BA75E6AD7A}.Debug|x86.Build.0 = Debug|Any CPU
		{01630F98-F0CE-446C-A8F4-00BA75E6AD7A}.Release|Any CPU.ActiveCfg = Release|Any CPU
		{01630F98-F0CE-446C-A8F4-00BA75E6AD7A}.Release|Any CPU.Build.0 = Release|Any CPU
		{01630F98-F0CE-446C-A8F4-00BA75E6AD7A}.Release|x64.ActiveCfg = Release|Any CPU
		{01630F98-F0CE-446C-A8F4-00BA75E6AD7A}.Release|x64.Build.0 = Release|Any CPU
		{01630F98-F0CE-446C-A8F4-00BA75E6AD7A}.Release|x86.ActiveCfg = Release|Any CPU
		{01630F98-F0CE-446C-A8F4-00BA75E6AD7A}.Release|x86.Build.0 = Release|Any CPU
	EndGlobalSection
	GlobalSection(SolutionProperties) = preSolution
		HideSolutionNode = FALSE
	EndGlobalSection
	GlobalSection(NestedProjects) = preSolution
		{9082DBFE-772D-4A4C-91F8-C56E755135FF} = {EDB9F201-EF5C-4CA5-8489-BECC1A510288}
		{E3145CB3-B21F-4F05-A2AA-B1CCFC008B44} = {EDB9F201-EF5C-4CA5-8489-BECC1A510288}
		{F82ED00A-2C0D-4A12-82F4-7691DEC9A0F4} = {EDB9F201-EF5C-4CA5-8489-BECC1A510288}
		{AD70EC6D-8219-47CD-956F-5C116491650C} = {EDB9F201-EF5C-4CA5-8489-BECC1A510288}
		{48E7C60E-F6A4-40CF-ABEB-A053035735CE} = {EDB9F201-EF5C-4CA5-8489-BECC1A510288}
		{CB8FC617-8065-4FFA-996B-BABA844DF25D} = {EDB9F201-EF5C-4CA5-8489-BECC1A510288}
		{AD77BFCF-54CC-4471-968E-FFAE77DFE38B} = {EDB9F201-EF5C-4CA5-8489-BECC1A510288}
		{FC5BE36E-624D-4462-A2B5-7A172799E444} = {EDB9F201-EF5C-4CA5-8489-BECC1A510288}
	EndGlobalSection
	GlobalSection(ExtensibilityGlobals) = postSolution
		SolutionGuid = {CB88C361-BFCA-43C0-A7AC-5767ADE33AFC}
	EndGlobalSection
EndGlobal
