
Microsoft Visual Studio Solution File, Format Version 12.00
# Visual Studio Version 16
VisualStudioVersion = 16.0.30114.105
MinimumVisualStudioVersion = 10.0.40219.1
Project("{9A19103F-16F7-4668-BE54-9A1E7A4F7556}") = "DeUrgenta.Specs", "Specs\DeUrgenta.Specs\DeUrgenta.Specs.csproj", "{31AFC5E9-9A1E-4618-A21A-6E6D90AD17BC}"
EndProject
Project("{2150E333-8FDC-42A3-9474-1A3956D46DE8}") = "API", "API", "{FBC62507-AC99-4720-8FF1-F6F43784186F}"
EndProject
Project("{9A19103F-16F7-4668-BE54-9A1E7A4F7556}") = "DeUrgenta.Admin.Api", "DeUrgenta.Admin.Api\DeUrgenta.Admin.Api.csproj", "{64876719-A5A6-4C72-948A-E3BBCCEA2F8E}"
EndProject
Project("{9A19103F-16F7-4668-BE54-9A1E7A4F7556}") = "DeUrgenta.Api", "DeUrgenta.Api\DeUrgenta.Api.csproj", "{BB07CAE5-7284-481B-ACF2-AEB164E28FCE}"
EndProject
Project("{9A19103F-16F7-4668-BE54-9A1E7A4F7556}") = "DeUrgenta.Backpack.Api", "DeUrgenta.Backpack.Api\DeUrgenta.Backpack.Api.csproj", "{5C971547-392F-4D08-904C-54A3EFD8A3C4}"
EndProject
Project("{9A19103F-16F7-4668-BE54-9A1E7A4F7556}") = "DeUrgenta.Certifications.Api", "DeUrgenta.Certifications.Api\DeUrgenta.Certifications.Api.csproj", "{7ACFEC3E-A639-4CC7-8B9A-88A72E8256E5}"
EndProject
Project("{9A19103F-16F7-4668-BE54-9A1E7A4F7556}") = "DeUrgenta.Common", "DeUrgenta.Common\DeUrgenta.Common.csproj", "{B4ED0B20-1E5B-4F6A-8AA4-79B4EA66E4E7}"
EndProject
Project("{9A19103F-16F7-4668-BE54-9A1E7A4F7556}") = "DeUrgenta.Events.Api", "DeUrgenta.Events.Api\DeUrgenta.Events.Api.csproj", "{152FDBBE-47FF-4CF7-BFC4-D27CF462C3F9}"
EndProject
Project("{9A19103F-16F7-4668-BE54-9A1E7A4F7556}") = "DeUrgenta.Group.Api", "DeUrgenta.Group.Api\DeUrgenta.Group.Api.csproj", "{47789B17-B5A7-4F77-8518-9B0769BBF3A7}"
EndProject
Project("{9A19103F-16F7-4668-BE54-9A1E7A4F7556}") = "DeUrgenta.Infra", "DeUrgenta.Infra\DeUrgenta.Infra.csproj", "{1A48B03A-EECA-4EC4-B646-C01DCC886AD8}"
EndProject
Project("{9A19103F-16F7-4668-BE54-9A1E7A4F7556}") = "DeUrgenta.User.Api", "DeUrgenta.User.Api\DeUrgenta.User.Api.csproj", "{3D747905-58AB-459E-A692-AF8BBB7CBA65}"
EndProject
Project("{9A19103F-16F7-4668-BE54-9A1E7A4F7556}") = "DeUrgenta.Content.Api", "DeUrgenta.Content.Api\DeUrgenta.Content.Api.csproj", "{FC9D5627-7A99-4D7F-862A-414C43F710A9}"
EndProject
Project("{9A19103F-16F7-4668-BE54-9A1E7A4F7556}") = "DeUrgenta.Domain.Api", "DeUrgenta.Domain.Api\DeUrgenta.Domain.Api.csproj", "{B04FDE0D-37D0-4AA8-8822-AF9C2DF31262}"
EndProject
Project("{9A19103F-16F7-4668-BE54-9A1E7A4F7556}") = "DeUrgenta.Domain.I18n", "DeUrgenta.Domain.I18n\DeUrgenta.Domain.I18n.csproj", "{9E375CAF-DC9C-487F-A1B4-B87A7523A677}"
EndProject
Project("{9A19103F-16F7-4668-BE54-9A1E7A4F7556}") = "DeUrgenta.Domain.Identity", "DeUrgenta.Domain.Identity\DeUrgenta.Domain.Identity.csproj", "{06096165-81CA-4A74-844D-CC2EE8BAA0F0}"
EndProject
Project("{9A19103F-16F7-4668-BE54-9A1E7A4F7556}") = "DeUrgenta.Emailing.Service", "DeUrgenta.Emailing.Service\DeUrgenta.Emailing.Service.csproj", "{FFDBEF8D-F3B8-44B5-B1EB-38421010E7CD}"
EndProject
Project("{9A19103F-16F7-4668-BE54-9A1E7A4F7556}") = "DeUrgenta.I18n.Service", "DeUrgenta.I18n.Service\DeUrgenta.I18n.Service.csproj", "{2177FA99-D25F-4F8D-AFA7-5AF8D8335E45}"
EndProject
Project("{9A19103F-16F7-4668-BE54-9A1E7A4F7556}") = "DeUrgenta.Invite.Api", "DeUrgenta.Invite.Api\DeUrgenta.Invite.Api.csproj", "{89AE563E-C0F3-4B6E-9E2E-7B4887F6DE4F}"
EndProject
Global
	GlobalSection(SolutionConfigurationPlatforms) = preSolution
		Debug|Any CPU = Debug|Any CPU
		Release|Any CPU = Release|Any CPU
	EndGlobalSection
	GlobalSection(ProjectConfigurationPlatforms) = postSolution
		{31AFC5E9-9A1E-4618-A21A-6E6D90AD17BC}.Debug|Any CPU.ActiveCfg = Debug|Any CPU
		{31AFC5E9-9A1E-4618-A21A-6E6D90AD17BC}.Debug|Any CPU.Build.0 = Debug|Any CPU
		{31AFC5E9-9A1E-4618-A21A-6E6D90AD17BC}.Release|Any CPU.ActiveCfg = Release|Any CPU
		{31AFC5E9-9A1E-4618-A21A-6E6D90AD17BC}.Release|Any CPU.Build.0 = Release|Any CPU
		{64876719-A5A6-4C72-948A-E3BBCCEA2F8E}.Debug|Any CPU.ActiveCfg = Debug|Any CPU
		{64876719-A5A6-4C72-948A-E3BBCCEA2F8E}.Debug|Any CPU.Build.0 = Debug|Any CPU
		{64876719-A5A6-4C72-948A-E3BBCCEA2F8E}.Release|Any CPU.ActiveCfg = Release|Any CPU
		{64876719-A5A6-4C72-948A-E3BBCCEA2F8E}.Release|Any CPU.Build.0 = Release|Any CPU
		{BB07CAE5-7284-481B-ACF2-AEB164E28FCE}.Debug|Any CPU.ActiveCfg = Debug|Any CPU
		{BB07CAE5-7284-481B-ACF2-AEB164E28FCE}.Debug|Any CPU.Build.0 = Debug|Any CPU
		{BB07CAE5-7284-481B-ACF2-AEB164E28FCE}.Release|Any CPU.ActiveCfg = Release|Any CPU
		{BB07CAE5-7284-481B-ACF2-AEB164E28FCE}.Release|Any CPU.Build.0 = Release|Any CPU
		{5C971547-392F-4D08-904C-54A3EFD8A3C4}.Debug|Any CPU.ActiveCfg = Debug|Any CPU
		{5C971547-392F-4D08-904C-54A3EFD8A3C4}.Debug|Any CPU.Build.0 = Debug|Any CPU
		{5C971547-392F-4D08-904C-54A3EFD8A3C4}.Release|Any CPU.ActiveCfg = Release|Any CPU
		{5C971547-392F-4D08-904C-54A3EFD8A3C4}.Release|Any CPU.Build.0 = Release|Any CPU
		{7ACFEC3E-A639-4CC7-8B9A-88A72E8256E5}.Debug|Any CPU.ActiveCfg = Debug|Any CPU
		{7ACFEC3E-A639-4CC7-8B9A-88A72E8256E5}.Debug|Any CPU.Build.0 = Debug|Any CPU
		{7ACFEC3E-A639-4CC7-8B9A-88A72E8256E5}.Release|Any CPU.ActiveCfg = Release|Any CPU
		{7ACFEC3E-A639-4CC7-8B9A-88A72E8256E5}.Release|Any CPU.Build.0 = Release|Any CPU
		{B4ED0B20-1E5B-4F6A-8AA4-79B4EA66E4E7}.Debug|Any CPU.ActiveCfg = Debug|Any CPU
		{B4ED0B20-1E5B-4F6A-8AA4-79B4EA66E4E7}.Debug|Any CPU.Build.0 = Debug|Any CPU
		{B4ED0B20-1E5B-4F6A-8AA4-79B4EA66E4E7}.Release|Any CPU.ActiveCfg = Release|Any CPU
		{B4ED0B20-1E5B-4F6A-8AA4-79B4EA66E4E7}.Release|Any CPU.Build.0 = Release|Any CPU
		{152FDBBE-47FF-4CF7-BFC4-D27CF462C3F9}.Debug|Any CPU.ActiveCfg = Debug|Any CPU
		{152FDBBE-47FF-4CF7-BFC4-D27CF462C3F9}.Debug|Any CPU.Build.0 = Debug|Any CPU
		{152FDBBE-47FF-4CF7-BFC4-D27CF462C3F9}.Release|Any CPU.ActiveCfg = Release|Any CPU
		{152FDBBE-47FF-4CF7-BFC4-D27CF462C3F9}.Release|Any CPU.Build.0 = Release|Any CPU
		{47789B17-B5A7-4F77-8518-9B0769BBF3A7}.Debug|Any CPU.ActiveCfg = Debug|Any CPU
		{47789B17-B5A7-4F77-8518-9B0769BBF3A7}.Debug|Any CPU.Build.0 = Debug|Any CPU
		{47789B17-B5A7-4F77-8518-9B0769BBF3A7}.Release|Any CPU.ActiveCfg = Release|Any CPU
		{47789B17-B5A7-4F77-8518-9B0769BBF3A7}.Release|Any CPU.Build.0 = Release|Any CPU
		{1A48B03A-EECA-4EC4-B646-C01DCC886AD8}.Debug|Any CPU.ActiveCfg = Debug|Any CPU
		{1A48B03A-EECA-4EC4-B646-C01DCC886AD8}.Debug|Any CPU.Build.0 = Debug|Any CPU
		{1A48B03A-EECA-4EC4-B646-C01DCC886AD8}.Release|Any CPU.ActiveCfg = Release|Any CPU
		{1A48B03A-EECA-4EC4-B646-C01DCC886AD8}.Release|Any CPU.Build.0 = Release|Any CPU
		{3D747905-58AB-459E-A692-AF8BBB7CBA65}.Debug|Any CPU.ActiveCfg = Debug|Any CPU
		{3D747905-58AB-459E-A692-AF8BBB7CBA65}.Debug|Any CPU.Build.0 = Debug|Any CPU
		{3D747905-58AB-459E-A692-AF8BBB7CBA65}.Release|Any CPU.ActiveCfg = Release|Any CPU
		{3D747905-58AB-459E-A692-AF8BBB7CBA65}.Release|Any CPU.Build.0 = Release|Any CPU
		{FC9D5627-7A99-4D7F-862A-414C43F710A9}.Debug|Any CPU.ActiveCfg = Debug|Any CPU
		{FC9D5627-7A99-4D7F-862A-414C43F710A9}.Debug|Any CPU.Build.0 = Debug|Any CPU
		{FC9D5627-7A99-4D7F-862A-414C43F710A9}.Release|Any CPU.ActiveCfg = Release|Any CPU
		{FC9D5627-7A99-4D7F-862A-414C43F710A9}.Release|Any CPU.Build.0 = Release|Any CPU
		{B04FDE0D-37D0-4AA8-8822-AF9C2DF31262}.Debug|Any CPU.ActiveCfg = Debug|Any CPU
		{B04FDE0D-37D0-4AA8-8822-AF9C2DF31262}.Debug|Any CPU.Build.0 = Debug|Any CPU
		{B04FDE0D-37D0-4AA8-8822-AF9C2DF31262}.Release|Any CPU.ActiveCfg = Release|Any CPU
		{B04FDE0D-37D0-4AA8-8822-AF9C2DF31262}.Release|Any CPU.Build.0 = Release|Any CPU
		{9E375CAF-DC9C-487F-A1B4-B87A7523A677}.Debug|Any CPU.ActiveCfg = Debug|Any CPU
		{9E375CAF-DC9C-487F-A1B4-B87A7523A677}.Debug|Any CPU.Build.0 = Debug|Any CPU
		{9E375CAF-DC9C-487F-A1B4-B87A7523A677}.Release|Any CPU.ActiveCfg = Release|Any CPU
		{9E375CAF-DC9C-487F-A1B4-B87A7523A677}.Release|Any CPU.Build.0 = Release|Any CPU
		{06096165-81CA-4A74-844D-CC2EE8BAA0F0}.Debug|Any CPU.ActiveCfg = Debug|Any CPU
		{06096165-81CA-4A74-844D-CC2EE8BAA0F0}.Debug|Any CPU.Build.0 = Debug|Any CPU
		{06096165-81CA-4A74-844D-CC2EE8BAA0F0}.Release|Any CPU.ActiveCfg = Release|Any CPU
		{06096165-81CA-4A74-844D-CC2EE8BAA0F0}.Release|Any CPU.Build.0 = Release|Any CPU
		{FFDBEF8D-F3B8-44B5-B1EB-38421010E7CD}.Debug|Any CPU.ActiveCfg = Debug|Any CPU
		{FFDBEF8D-F3B8-44B5-B1EB-38421010E7CD}.Debug|Any CPU.Build.0 = Debug|Any CPU
		{FFDBEF8D-F3B8-44B5-B1EB-38421010E7CD}.Release|Any CPU.ActiveCfg = Release|Any CPU
		{FFDBEF8D-F3B8-44B5-B1EB-38421010E7CD}.Release|Any CPU.Build.0 = Release|Any CPU
		{2177FA99-D25F-4F8D-AFA7-5AF8D8335E45}.Debug|Any CPU.ActiveCfg = Debug|Any CPU
		{2177FA99-D25F-4F8D-AFA7-5AF8D8335E45}.Debug|Any CPU.Build.0 = Debug|Any CPU
		{2177FA99-D25F-4F8D-AFA7-5AF8D8335E45}.Release|Any CPU.ActiveCfg = Release|Any CPU
		{2177FA99-D25F-4F8D-AFA7-5AF8D8335E45}.Release|Any CPU.Build.0 = Release|Any CPU
		{89AE563E-C0F3-4B6E-9E2E-7B4887F6DE4F}.Debug|Any CPU.ActiveCfg = Debug|Any CPU
		{89AE563E-C0F3-4B6E-9E2E-7B4887F6DE4F}.Debug|Any CPU.Build.0 = Debug|Any CPU
		{89AE563E-C0F3-4B6E-9E2E-7B4887F6DE4F}.Release|Any CPU.ActiveCfg = Release|Any CPU
		{89AE563E-C0F3-4B6E-9E2E-7B4887F6DE4F}.Release|Any CPU.Build.0 = Release|Any CPU
	EndGlobalSection
	GlobalSection(SolutionProperties) = preSolution
		HideSolutionNode = FALSE
	EndGlobalSection
	GlobalSection(NestedProjects) = preSolution
		{64876719-A5A6-4C72-948A-E3BBCCEA2F8E} = {FBC62507-AC99-4720-8FF1-F6F43784186F}
		{BB07CAE5-7284-481B-ACF2-AEB164E28FCE} = {FBC62507-AC99-4720-8FF1-F6F43784186F}
		{5C971547-392F-4D08-904C-54A3EFD8A3C4} = {FBC62507-AC99-4720-8FF1-F6F43784186F}
		{7ACFEC3E-A639-4CC7-8B9A-88A72E8256E5} = {FBC62507-AC99-4720-8FF1-F6F43784186F}
		{B4ED0B20-1E5B-4F6A-8AA4-79B4EA66E4E7} = {FBC62507-AC99-4720-8FF1-F6F43784186F}
		{152FDBBE-47FF-4CF7-BFC4-D27CF462C3F9} = {FBC62507-AC99-4720-8FF1-F6F43784186F}
		{47789B17-B5A7-4F77-8518-9B0769BBF3A7} = {FBC62507-AC99-4720-8FF1-F6F43784186F}
		{1A48B03A-EECA-4EC4-B646-C01DCC886AD8} = {FBC62507-AC99-4720-8FF1-F6F43784186F}
		{3D747905-58AB-459E-A692-AF8BBB7CBA65} = {FBC62507-AC99-4720-8FF1-F6F43784186F}
		{FC9D5627-7A99-4D7F-862A-414C43F710A9} = {FBC62507-AC99-4720-8FF1-F6F43784186F}
		{B04FDE0D-37D0-4AA8-8822-AF9C2DF31262} = {FBC62507-AC99-4720-8FF1-F6F43784186F}
		{9E375CAF-DC9C-487F-A1B4-B87A7523A677} = {FBC62507-AC99-4720-8FF1-F6F43784186F}
		{06096165-81CA-4A74-844D-CC2EE8BAA0F0} = {FBC62507-AC99-4720-8FF1-F6F43784186F}
		{FFDBEF8D-F3B8-44B5-B1EB-38421010E7CD} = {FBC62507-AC99-4720-8FF1-F6F43784186F}
		{2177FA99-D25F-4F8D-AFA7-5AF8D8335E45} = {FBC62507-AC99-4720-8FF1-F6F43784186F}
		{89AE563E-C0F3-4B6E-9E2E-7B4887F6DE4F} = {FBC62507-AC99-4720-8FF1-F6F43784186F}
	EndGlobalSection
	GlobalSection(ExtensibilityGlobals) = postSolution
		SolutionGuid = {44EACB4D-8338-4F1E-B1A4-27727EFA8A67}
	EndGlobalSection
EndGlobal
