
Microsoft Visual Studio Solution File, Format Version 12.00
# Visual Studio Version 16
VisualStudioVersion = 16.0.30717.126
MinimumVisualStudioVersion = 15.0.26124.0
Project("{9A19103F-16F7-4668-BE54-9A1E7A4F7556}") = "DeUrgenta.Api", "DeUrgenta.Api\DeUrgenta.Api.csproj", "{C1E96874-EE6C-4216-ADD9-B7D9FC1FAFD7}"
EndProject
Project("{9A19103F-16F7-4668-BE54-9A1E7A4F7556}") = "DeUrgenta.Backpack.Api", "DeUrgenta.Backpack.Api\DeUrgenta.Backpack.Api.csproj", "{7885DAF5-3471-45AE-9F78-884B05DA1E67}"
EndProject
Project("{9A19103F-16F7-4668-BE54-9A1E7A4F7556}") = "DeUrgenta.Domain", "DeUrgenta.Domain\DeUrgenta.Domain.csproj", "{4472F523-5178-42FC-AC20-21D027B0D433}"
EndProject
Project("{9A19103F-16F7-4668-BE54-9A1E7A4F7556}") = "DeUrgenta.Infra", "DeUrgenta.Infra\DeUrgenta.Infra.csproj", "{46600B30-1137-4377-BF2C-A860595F1570}"
EndProject
Project("{9A19103F-16F7-4668-BE54-9A1E7A4F7556}") = "DeUrgenta.Certifications.Api", "DeUrgenta.Certifications.Api\DeUrgenta.Certifications.Api.csproj", "{3E93429F-1F9E-4BAF-92EC-00105E90FE5A}"
EndProject
Project("{2150E333-8FDC-42A3-9474-1A3956D46DE8}") = "Solution Items", "Solution Items", "{31BE7F2B-2D48-4877-84B3-3DBBB91A4647}"
	ProjectSection(SolutionItems) = preProject
		.editorconfig = .editorconfig
	EndProjectSection
EndProject
Project("{9A19103F-16F7-4668-BE54-9A1E7A4F7556}") = "DeUrgenta.Common", "DeUrgenta.Common\DeUrgenta.Common.csproj", "{D5497E17-EF2B-4338-9836-4A5B42A9B8B9}"
EndProject
Project("{9A19103F-16F7-4668-BE54-9A1E7A4F7556}") = "DeUrgenta.Admin.Api", "DeUrgenta.Admin.Api\DeUrgenta.Admin.Api.csproj", "{2F65267B-9FCA-4E5C-8F0E-2344F4B27DDF}"
EndProject
Project("{9A19103F-16F7-4668-BE54-9A1E7A4F7556}") = "DeUrgenta.Group.Api", "DeUrgenta.Group.Api\DeUrgenta.Group.Api.csproj", "{AAFEC470-79D8-4976-ACEB-94610CB23F28}"
EndProject
Project("{9A19103F-16F7-4668-BE54-9A1E7A4F7556}") = "DeUrgenta.User.Api", "DeUrgenta.User.Api\DeUrgenta.User.Api.csproj", "{5A4BBC34-65D6-48E0-BCAD-266FE5E2F376}"
EndProject
Global
	GlobalSection(SolutionConfigurationPlatforms) = preSolution
		Debug|Any CPU = Debug|Any CPU
		Debug|x64 = Debug|x64
		Debug|x86 = Debug|x86
		Release|Any CPU = Release|Any CPU
		Release|x64 = Release|x64
		Release|x86 = Release|x86
	EndGlobalSection
	GlobalSection(ProjectConfigurationPlatforms) = postSolution
		{C1E96874-EE6C-4216-ADD9-B7D9FC1FAFD7}.Debug|Any CPU.ActiveCfg = Debug|Any CPU
		{C1E96874-EE6C-4216-ADD9-B7D9FC1FAFD7}.Debug|Any CPU.Build.0 = Debug|Any CPU
		{C1E96874-EE6C-4216-ADD9-B7D9FC1FAFD7}.Debug|x64.ActiveCfg = Debug|Any CPU
		{C1E96874-EE6C-4216-ADD9-B7D9FC1FAFD7}.Debug|x64.Build.0 = Debug|Any CPU
		{C1E96874-EE6C-4216-ADD9-B7D9FC1FAFD7}.Debug|x86.ActiveCfg = Debug|Any CPU
		{C1E96874-EE6C-4216-ADD9-B7D9FC1FAFD7}.Debug|x86.Build.0 = Debug|Any CPU
		{C1E96874-EE6C-4216-ADD9-B7D9FC1FAFD7}.Release|Any CPU.ActiveCfg = Release|Any CPU
		{C1E96874-EE6C-4216-ADD9-B7D9FC1FAFD7}.Release|Any CPU.Build.0 = Release|Any CPU
		{C1E96874-EE6C-4216-ADD9-B7D9FC1FAFD7}.Release|x64.ActiveCfg = Release|Any CPU
		{C1E96874-EE6C-4216-ADD9-B7D9FC1FAFD7}.Release|x64.Build.0 = Release|Any CPU
		{C1E96874-EE6C-4216-ADD9-B7D9FC1FAFD7}.Release|x86.ActiveCfg = Release|Any CPU
		{C1E96874-EE6C-4216-ADD9-B7D9FC1FAFD7}.Release|x86.Build.0 = Release|Any CPU
		{7885DAF5-3471-45AE-9F78-884B05DA1E67}.Debug|Any CPU.ActiveCfg = Debug|Any CPU
		{7885DAF5-3471-45AE-9F78-884B05DA1E67}.Debug|Any CPU.Build.0 = Debug|Any CPU
		{7885DAF5-3471-45AE-9F78-884B05DA1E67}.Debug|x64.ActiveCfg = Debug|Any CPU
		{7885DAF5-3471-45AE-9F78-884B05DA1E67}.Debug|x64.Build.0 = Debug|Any CPU
		{7885DAF5-3471-45AE-9F78-884B05DA1E67}.Debug|x86.ActiveCfg = Debug|Any CPU
		{7885DAF5-3471-45AE-9F78-884B05DA1E67}.Debug|x86.Build.0 = Debug|Any CPU
		{7885DAF5-3471-45AE-9F78-884B05DA1E67}.Release|Any CPU.ActiveCfg = Release|Any CPU
		{7885DAF5-3471-45AE-9F78-884B05DA1E67}.Release|Any CPU.Build.0 = Release|Any CPU
		{7885DAF5-3471-45AE-9F78-884B05DA1E67}.Release|x64.ActiveCfg = Release|Any CPU
		{7885DAF5-3471-45AE-9F78-884B05DA1E67}.Release|x64.Build.0 = Release|Any CPU
		{7885DAF5-3471-45AE-9F78-884B05DA1E67}.Release|x86.ActiveCfg = Release|Any CPU
		{7885DAF5-3471-45AE-9F78-884B05DA1E67}.Release|x86.Build.0 = Release|Any CPU
		{4472F523-5178-42FC-AC20-21D027B0D433}.Debug|Any CPU.ActiveCfg = Debug|Any CPU
		{4472F523-5178-42FC-AC20-21D027B0D433}.Debug|Any CPU.Build.0 = Debug|Any CPU
		{4472F523-5178-42FC-AC20-21D027B0D433}.Debug|x64.ActiveCfg = Debug|Any CPU
		{4472F523-5178-42FC-AC20-21D027B0D433}.Debug|x64.Build.0 = Debug|Any CPU
		{4472F523-5178-42FC-AC20-21D027B0D433}.Debug|x86.ActiveCfg = Debug|Any CPU
		{4472F523-5178-42FC-AC20-21D027B0D433}.Debug|x86.Build.0 = Debug|Any CPU
		{4472F523-5178-42FC-AC20-21D027B0D433}.Release|Any CPU.ActiveCfg = Release|Any CPU
		{4472F523-5178-42FC-AC20-21D027B0D433}.Release|Any CPU.Build.0 = Release|Any CPU
		{4472F523-5178-42FC-AC20-21D027B0D433}.Release|x64.ActiveCfg = Release|Any CPU
		{4472F523-5178-42FC-AC20-21D027B0D433}.Release|x64.Build.0 = Release|Any CPU
		{4472F523-5178-42FC-AC20-21D027B0D433}.Release|x86.ActiveCfg = Release|Any CPU
		{4472F523-5178-42FC-AC20-21D027B0D433}.Release|x86.Build.0 = Release|Any CPU
		{46600B30-1137-4377-BF2C-A860595F1570}.Debug|Any CPU.ActiveCfg = Debug|Any CPU
		{46600B30-1137-4377-BF2C-A860595F1570}.Debug|Any CPU.Build.0 = Debug|Any CPU
		{46600B30-1137-4377-BF2C-A860595F1570}.Debug|x64.ActiveCfg = Debug|Any CPU
		{46600B30-1137-4377-BF2C-A860595F1570}.Debug|x64.Build.0 = Debug|Any CPU
		{46600B30-1137-4377-BF2C-A860595F1570}.Debug|x86.ActiveCfg = Debug|Any CPU
		{46600B30-1137-4377-BF2C-A860595F1570}.Debug|x86.Build.0 = Debug|Any CPU
		{46600B30-1137-4377-BF2C-A860595F1570}.Release|Any CPU.ActiveCfg = Release|Any CPU
		{46600B30-1137-4377-BF2C-A860595F1570}.Release|Any CPU.Build.0 = Release|Any CPU
		{46600B30-1137-4377-BF2C-A860595F1570}.Release|x64.ActiveCfg = Release|Any CPU
		{46600B30-1137-4377-BF2C-A860595F1570}.Release|x64.Build.0 = Release|Any CPU
		{46600B30-1137-4377-BF2C-A860595F1570}.Release|x86.ActiveCfg = Release|Any CPU
		{46600B30-1137-4377-BF2C-A860595F1570}.Release|x86.Build.0 = Release|Any CPU
		{3E93429F-1F9E-4BAF-92EC-00105E90FE5A}.Debug|Any CPU.ActiveCfg = Debug|Any CPU
		{3E93429F-1F9E-4BAF-92EC-00105E90FE5A}.Debug|Any CPU.Build.0 = Debug|Any CPU
		{3E93429F-1F9E-4BAF-92EC-00105E90FE5A}.Debug|x64.ActiveCfg = Debug|Any CPU
		{3E93429F-1F9E-4BAF-92EC-00105E90FE5A}.Debug|x64.Build.0 = Debug|Any CPU
		{3E93429F-1F9E-4BAF-92EC-00105E90FE5A}.Debug|x86.ActiveCfg = Debug|Any CPU
		{3E93429F-1F9E-4BAF-92EC-00105E90FE5A}.Debug|x86.Build.0 = Debug|Any CPU
		{3E93429F-1F9E-4BAF-92EC-00105E90FE5A}.Release|Any CPU.ActiveCfg = Release|Any CPU
		{3E93429F-1F9E-4BAF-92EC-00105E90FE5A}.Release|Any CPU.Build.0 = Release|Any CPU
		{3E93429F-1F9E-4BAF-92EC-00105E90FE5A}.Release|x64.ActiveCfg = Release|Any CPU
		{3E93429F-1F9E-4BAF-92EC-00105E90FE5A}.Release|x64.Build.0 = Release|Any CPU
		{3E93429F-1F9E-4BAF-92EC-00105E90FE5A}.Release|x86.ActiveCfg = Release|Any CPU
		{3E93429F-1F9E-4BAF-92EC-00105E90FE5A}.Release|x86.Build.0 = Release|Any CPU
		{D5497E17-EF2B-4338-9836-4A5B42A9B8B9}.Debug|Any CPU.ActiveCfg = Debug|Any CPU
		{D5497E17-EF2B-4338-9836-4A5B42A9B8B9}.Debug|Any CPU.Build.0 = Debug|Any CPU
		{D5497E17-EF2B-4338-9836-4A5B42A9B8B9}.Debug|x64.ActiveCfg = Debug|Any CPU
		{D5497E17-EF2B-4338-9836-4A5B42A9B8B9}.Debug|x64.Build.0 = Debug|Any CPU
		{D5497E17-EF2B-4338-9836-4A5B42A9B8B9}.Debug|x86.ActiveCfg = Debug|Any CPU
		{D5497E17-EF2B-4338-9836-4A5B42A9B8B9}.Debug|x86.Build.0 = Debug|Any CPU
		{D5497E17-EF2B-4338-9836-4A5B42A9B8B9}.Release|Any CPU.ActiveCfg = Release|Any CPU
		{D5497E17-EF2B-4338-9836-4A5B42A9B8B9}.Release|Any CPU.Build.0 = Release|Any CPU
		{D5497E17-EF2B-4338-9836-4A5B42A9B8B9}.Release|x64.ActiveCfg = Release|Any CPU
		{D5497E17-EF2B-4338-9836-4A5B42A9B8B9}.Release|x64.Build.0 = Release|Any CPU
		{D5497E17-EF2B-4338-9836-4A5B42A9B8B9}.Release|x86.ActiveCfg = Release|Any CPU
		{D5497E17-EF2B-4338-9836-4A5B42A9B8B9}.Release|x86.Build.0 = Release|Any CPU
		{2F65267B-9FCA-4E5C-8F0E-2344F4B27DDF}.Debug|Any CPU.ActiveCfg = Debug|Any CPU
		{2F65267B-9FCA-4E5C-8F0E-2344F4B27DDF}.Debug|Any CPU.Build.0 = Debug|Any CPU
		{2F65267B-9FCA-4E5C-8F0E-2344F4B27DDF}.Debug|x64.ActiveCfg = Debug|Any CPU
		{2F65267B-9FCA-4E5C-8F0E-2344F4B27DDF}.Debug|x64.Build.0 = Debug|Any CPU
		{2F65267B-9FCA-4E5C-8F0E-2344F4B27DDF}.Debug|x86.ActiveCfg = Debug|Any CPU
		{2F65267B-9FCA-4E5C-8F0E-2344F4B27DDF}.Debug|x86.Build.0 = Debug|Any CPU
		{2F65267B-9FCA-4E5C-8F0E-2344F4B27DDF}.Release|Any CPU.ActiveCfg = Release|Any CPU
		{2F65267B-9FCA-4E5C-8F0E-2344F4B27DDF}.Release|Any CPU.Build.0 = Release|Any CPU
		{2F65267B-9FCA-4E5C-8F0E-2344F4B27DDF}.Release|x64.ActiveCfg = Release|Any CPU
		{2F65267B-9FCA-4E5C-8F0E-2344F4B27DDF}.Release|x64.Build.0 = Release|Any CPU
		{2F65267B-9FCA-4E5C-8F0E-2344F4B27DDF}.Release|x86.ActiveCfg = Release|Any CPU
		{2F65267B-9FCA-4E5C-8F0E-2344F4B27DDF}.Release|x86.Build.0 = Release|Any CPU
		{AAFEC470-79D8-4976-ACEB-94610CB23F28}.Debug|Any CPU.ActiveCfg = Debug|Any CPU
		{AAFEC470-79D8-4976-ACEB-94610CB23F28}.Debug|Any CPU.Build.0 = Debug|Any CPU
		{AAFEC470-79D8-4976-ACEB-94610CB23F28}.Debug|x64.ActiveCfg = Debug|Any CPU
		{AAFEC470-79D8-4976-ACEB-94610CB23F28}.Debug|x64.Build.0 = Debug|Any CPU
		{AAFEC470-79D8-4976-ACEB-94610CB23F28}.Debug|x86.ActiveCfg = Debug|Any CPU
		{AAFEC470-79D8-4976-ACEB-94610CB23F28}.Debug|x86.Build.0 = Debug|Any CPU
		{AAFEC470-79D8-4976-ACEB-94610CB23F28}.Release|Any CPU.ActiveCfg = Release|Any CPU
		{AAFEC470-79D8-4976-ACEB-94610CB23F28}.Release|Any CPU.Build.0 = Release|Any CPU
		{AAFEC470-79D8-4976-ACEB-94610CB23F28}.Release|x64.ActiveCfg = Release|Any CPU
		{AAFEC470-79D8-4976-ACEB-94610CB23F28}.Release|x64.Build.0 = Release|Any CPU
		{AAFEC470-79D8-4976-ACEB-94610CB23F28}.Release|x86.ActiveCfg = Release|Any CPU
		{AAFEC470-79D8-4976-ACEB-94610CB23F28}.Release|x86.Build.0 = Release|Any CPU
		{5A4BBC34-65D6-48E0-BCAD-266FE5E2F376}.Debug|Any CPU.ActiveCfg = Debug|Any CPU
		{5A4BBC34-65D6-48E0-BCAD-266FE5E2F376}.Debug|Any CPU.Build.0 = Debug|Any CPU
		{5A4BBC34-65D6-48E0-BCAD-266FE5E2F376}.Debug|x64.ActiveCfg = Debug|Any CPU
		{5A4BBC34-65D6-48E0-BCAD-266FE5E2F376}.Debug|x64.Build.0 = Debug|Any CPU
		{5A4BBC34-65D6-48E0-BCAD-266FE5E2F376}.Debug|x86.ActiveCfg = Debug|Any CPU
		{5A4BBC34-65D6-48E0-BCAD-266FE5E2F376}.Debug|x86.Build.0 = Debug|Any CPU
		{5A4BBC34-65D6-48E0-BCAD-266FE5E2F376}.Release|Any CPU.ActiveCfg = Release|Any CPU
		{5A4BBC34-65D6-48E0-BCAD-266FE5E2F376}.Release|Any CPU.Build.0 = Release|Any CPU
		{5A4BBC34-65D6-48E0-BCAD-266FE5E2F376}.Release|x64.ActiveCfg = Release|Any CPU
		{5A4BBC34-65D6-48E0-BCAD-266FE5E2F376}.Release|x64.Build.0 = Release|Any CPU
		{5A4BBC34-65D6-48E0-BCAD-266FE5E2F376}.Release|x86.ActiveCfg = Release|Any CPU
		{5A4BBC34-65D6-48E0-BCAD-266FE5E2F376}.Release|x86.Build.0 = Release|Any CPU
	EndGlobalSection
	GlobalSection(SolutionProperties) = preSolution
		HideSolutionNode = FALSE
	EndGlobalSection
	GlobalSection(ExtensibilityGlobals) = postSolution
		SolutionGuid = {CB88C361-BFCA-43C0-A7AC-5767ADE33AFC}
	EndGlobalSection
EndGlobal
